
Microsoft Visual Studio Solution File, Format Version 12.00
# Visual Studio 15
VisualStudioVersion = 15.0.27004.2006
MinimumVisualStudioVersion = 10.0.40219.1
Project("{9A19103F-16F7-4668-BE54-9A1E7A4F7556}") = "Asp2017", "Asp2017.csproj", "{D4E1EB9C-25DA-449E-8C89-A65076796EC2}"
EndProject
Global
	GlobalSection(SolutionConfigurationPlatforms) = preSolution
		Debug|Any CPU = Debug|Any CPU
		Release|Any CPU = Release|Any CPU
	EndGlobalSection
	GlobalSection(ProjectConfigurationPlatforms) = postSolution
		{D4E1EB9C-25DA-449E-8C89-A65076796EC2}.Debug|Any CPU.ActiveCfg = Debug|Any CPU
		{D4E1EB9C-25DA-449E-8C89-A65076796EC2}.Debug|Any CPU.Build.0 = Debug|Any CPU
		{D4E1EB9C-25DA-449E-8C89-A65076796EC2}.Release|Any CPU.ActiveCfg = Release|Any CPU
		{D4E1EB9C-25DA-449E-8C89-A65076796EC2}.Release|Any CPU.Build.0 = Release|Any CPU
	EndGlobalSection
	GlobalSection(SolutionProperties) = preSolution
		HideSolutionNode = FALSE
	EndGlobalSection
	GlobalSection(ExtensibilityGlobals) = postSolution
		SolutionGuid = {CE3DF95D-4BE5-4523-A8B6-9293A8E31136}
	EndGlobalSection
EndGlobal
